
Microsoft Visual Studio Solution File, Format Version 11.00
# Visual Studio 2010
Project("{FAE04EC0-301F-11D3-BF4B-00C04F79EFBC}") = "Docking-Sounds", "Docking-Sounds\Docking-Sounds.csproj", "{777E3EEA-8926-4D2F-9EF4-C1938FD8BAD0}"
EndProject
Global
	GlobalSection(SolutionConfigurationPlatforms) = preSolution
		Debug|Any CPU = Debug|Any CPU
		Release|Any CPU = Release|Any CPU
	EndGlobalSection
	GlobalSection(ProjectConfigurationPlatforms) = postSolution
		{777E3EEA-8926-4D2F-9EF4-C1938FD8BAD0}.Debug|Any CPU.ActiveCfg = Debug|Any CPU
		{777E3EEA-8926-4D2F-9EF4-C1938FD8BAD0}.Debug|Any CPU.Build.0 = Debug|Any CPU
		{777E3EEA-8926-4D2F-9EF4-C1938FD8BAD0}.Release|Any CPU.ActiveCfg = Release|Any CPU
		{777E3EEA-8926-4D2F-9EF4-C1938FD8BAD0}.Release|Any CPU.Build.0 = Release|Any CPU
	EndGlobalSection
	GlobalSection(MonoDevelopProperties) = preSolution
		StartupItem = Docking-Sounds\Docking-Sounds.csproj
	EndGlobalSection
EndGlobal
